{
  "pins" : [
    {
      "identity" : "anyobservableobject",
      "kind" : "remoteSourceControl",
      "location" : "https://github.com/MarkParker5/AnyObservableObject",
      "state" : {
        "branch" : "master",
        "revision" : "e42b7856e50790bcb472e8e452af930a4d53231a"
      }
    }
  ],
  "version" : 2
}
